// !$*UTF8*$!
{
	archiveVersion = 1;
	classes = {
	};
	objectVersion = 50;
	objects = {

/* Begin PBXBuildFile section */
		86670A0921F5C3EC00B2811A /* libmuzlib.a in Frameworks */ = {isa = PBXBuildFile; fileRef = 86670A0821F5C3EC00B2811A /* libmuzlib.a */; };
		86ABFDC721F405F30010245E /* main.cpp in Sources */ = {isa = PBXBuildFile; fileRef = 86ABFDC621F405F30010245E /* main.cpp */; };
		86ABFE6D21F476A10010245E /* QuartzCore.framework in Frameworks */ = {isa = PBXBuildFile; fileRef = 86ABFE6C21F476A10010245E /* QuartzCore.framework */; };
/* End PBXBuildFile section */

/* Begin PBXContainerItemProxy section */
		86670A0D21F5CE2800B2811A /* PBXContainerItemProxy */ = {
			isa = PBXContainerItemProxy;
			containerPortal = 86670A0621F5C3E300B2811A /* muzlib.xcodeproj */;
			proxyType = 2;
			remoteGlobalIDString = 86ABFDDA21F475F20010245E;
			remoteInfo = muzlib;
		};
/* End PBXContainerItemProxy section */

/* Begin PBXCopyFilesBuildPhase section */
		86ABFDC121F405F30010245E /* CopyFiles */ = {
			isa = PBXCopyFilesBuildPhase;
			buildActionMask = 2147483647;
			dstPath = /usr/share/man/man1/;
			dstSubfolderSpec = 0;
			files = (
			);
			runOnlyForDeploymentPostprocessing = 1;
		};
/* End PBXCopyFilesBuildPhase section */

/* Begin PBXFileReference section */
		86670A0621F5C3E300B2811A /* muzlib.xcodeproj */ = {isa = PBXFileReference; lastKnownFileType = "wrapper.pb-project"; name = muzlib.xcodeproj; path = ../muzlib/muzlib.xcodeproj; sourceTree = "<group>"; };
		86670A0821F5C3EC00B2811A /* libmuzlib.a */ = {isa = PBXFileReference; explicitFileType = archive.ar; path = libmuzlib.a; sourceTree = BUILT_PRODUCTS_DIR; };
		86ABFDC321F405F30010245E /* asmuz */ = {isa = PBXFileReference; explicitFileType = "compiled.mach-o.executable"; includeInIndex = 0; path = asmuz; sourceTree = BUILT_PRODUCTS_DIR; };
		86ABFDC621F405F30010245E /* main.cpp */ = {isa = PBXFileReference; lastKnownFileType = sourcecode.cpp.cpp; path = main.cpp; sourceTree = "<group>"; };
		86ABFDCD21F4062D0010245E /* README.md */ = {isa = PBXFileReference; lastKnownFileType = net.daringfireball.markdown; path = README.md; sourceTree = "<group>"; };
		86ABFE6C21F476A10010245E /* QuartzCore.framework */ = {isa = PBXFileReference; lastKnownFileType = wrapper.framework; name = QuartzCore.framework; path = System/Library/Frameworks/QuartzCore.framework; sourceTree = SDKROOT; };
/* End PBXFileReference section */

/* Begin PBXFrameworksBuildPhase section */
		86ABFDC021F405F30010245E /* Frameworks */ = {
			isa = PBXFrameworksBuildPhase;
			buildActionMask = 2147483647;
			files = (
				86670A0921F5C3EC00B2811A /* libmuzlib.a in Frameworks */,
				86ABFE6D21F476A10010245E /* QuartzCore.framework in Frameworks */,
			);
			runOnlyForDeploymentPostprocessing = 0;
		};
/* End PBXFrameworksBuildPhase section */

/* Begin PBXGroup section */
		86670A0A21F5CE2800B2811A /* Products */ = {
			isa = PBXGroup;
			children = (
				86670A0E21F5CE2800B2811A /* libmuzlib.a */,
			);
			name = Products;
			sourceTree = "<group>";
		};
		86ABFDBA21F405F30010245E = {
			isa = PBXGroup;
			children = (
				86ABFDCD21F4062D0010245E /* README.md */,
				86ABFDC521F405F30010245E /* asmuz */,
				86ABFDC421F405F30010245E /* Products */,
				86ABFDCE21F473FB0010245E /* Frameworks */,
			);
			sourceTree = "<group>";
		};
		86ABFDC421F405F30010245E /* Products */ = {
			isa = PBXGroup;
			children = (
				86ABFDC321F405F30010245E /* asmuz */,
			);
			name = Products;
			sourceTree = "<group>";
		};
		86ABFDC521F405F30010245E /* asmuz */ = {
			isa = PBXGroup;
			children = (
				86ABFDC621F405F30010245E /* main.cpp */,
			);
			name = asmuz;
			path = ../../../MUZ/asmuz;
			sourceTree = "<group>";
		};
		86ABFDCE21F473FB0010245E /* Frameworks */ = {
			isa = PBXGroup;
			children = (
				86ABFE6C21F476A10010245E /* QuartzCore.framework */,
				86670A0821F5C3EC00B2811A /* libmuzlib.a */,
				86670A0621F5C3E300B2811A /* muzlib.xcodeproj */,
			);
			name = Frameworks;
			sourceTree = "<group>";
		};
/* End PBXGroup section */

/* Begin PBXNativeTarget section */
		86ABFDC221F405F30010245E /* asmuz */ = {
			isa = PBXNativeTarget;
			buildConfigurationList = 86ABFDCA21F405F30010245E /* Build configuration list for PBXNativeTarget "asmuz" */;
			buildPhases = (
				86ABFDBF21F405F30010245E /* Sources */,
				86ABFDC021F405F30010245E /* Frameworks */,
				86ABFDC121F405F30010245E /* CopyFiles */,
			);
			buildRules = (
			);
			dependencies = (
			);
			name = asmuz;
			productName = asmuz;
			productReference = 86ABFDC321F405F30010245E /* asmuz */;
			productType = "com.apple.product-type.tool";
		};
/* End PBXNativeTarget section */

/* Begin PBXProject section */
		86ABFDBB21F405F30010245E /* Project object */ = {
			isa = PBXProject;
			attributes = {
				LastUpgradeCheck = 1010;
				ORGANIZATIONNAME = "Francis Pierot";
				TargetAttributes = {
					86ABFDC221F405F30010245E = {
						CreatedOnToolsVersion = 10.1;
					};
				};
			};
			buildConfigurationList = 86ABFDBE21F405F30010245E /* Build configuration list for PBXProject "asmuz" */;
			compatibilityVersion = "Xcode 9.3";
			developmentRegion = en;
			hasScannedForEncodings = 0;
			knownRegions = (
				en,
				Base,
			);
			mainGroup = 86ABFDBA21F405F30010245E;
			productRefGroup = 86ABFDC421F405F30010245E /* Products */;
			projectDirPath = "";
			projectReferences = (
				{
					ProductGroup = 86670A0A21F5CE2800B2811A /* Products */;
					ProjectRef = 86670A0621F5C3E300B2811A /* muzlib.xcodeproj */;
				},
			);
			projectRoot = "";
			targets = (
				86ABFDC221F405F30010245E /* asmuz */,
			);
		};
/* End PBXProject section */

/* Begin PBXReferenceProxy section */
		86670A0E21F5CE2800B2811A /* libmuzlib.a */ = {
			isa = PBXReferenceProxy;
			fileType = archive.ar;
			path = libmuzlib.a;
			remoteRef = 86670A0D21F5CE2800B2811A /* PBXContainerItemProxy */;
			sourceTree = BUILT_PRODUCTS_DIR;
		};
/* End PBXReferenceProxy section */

/* Begin PBXSourcesBuildPhase section */
		86ABFDBF21F405F30010245E /* Sources */ = {
			isa = PBXSourcesBuildPhase;
			buildActionMask = 2147483647;
			files = (
				86ABFDC721F405F30010245E /* main.cpp in Sources */,
			);
			runOnlyForDeploymentPostprocessing = 0;
		};
/* End PBXSourcesBuildPhase section */

/* Begin XCBuildConfiguration section */
		86ABFDC821F405F30010245E /* Debug */ = {
			isa = XCBuildConfiguration;
			buildSettings = {
				ALWAYS_SEARCH_USER_PATHS = NO;
				CLANG_ADDRESS_SANITIZER_CONTAINER_OVERFLOW = NO;
				CLANG_ANALYZER_NONNULL = YES;
				CLANG_ANALYZER_NUMBER_OBJECT_CONVERSION = YES_AGGRESSIVE;
				CLANG_CXX_LANGUAGE_STANDARD = "gnu++14";
				CLANG_CXX_LIBRARY = "libc++";
				CLANG_ENABLE_MODULES = YES;
				CLANG_ENABLE_OBJC_ARC = YES;
				CLANG_ENABLE_OBJC_WEAK = YES;
				CLANG_WARN_BLOCK_CAPTURE_AUTORELEASING = YES;
				CLANG_WARN_BOOL_CONVERSION = YES;
				CLANG_WARN_COMMA = YES;
				CLANG_WARN_CONSTANT_CONVERSION = YES;
				CLANG_WARN_DEPRECATED_OBJC_IMPLEMENTATIONS = YES;
				CLANG_WARN_DIRECT_OBJC_ISA_USAGE = YES_ERROR;
				CLANG_WARN_DOCUMENTATION_COMMENTS = YES;
				CLANG_WARN_EMPTY_BODY = YES;
				CLANG_WARN_ENUM_CONVERSION = YES;
				CLANG_WARN_INFINITE_RECURSION = YES;
				CLANG_WARN_INT_CONVERSION = YES;
				CLANG_WARN_NON_LITERAL_NULL_CONVERSION = YES;
				CLANG_WARN_OBJC_IMPLICIT_RETAIN_SELF = YES;
				CLANG_WARN_OBJC_LITERAL_CONVERSION = YES;
				CLANG_WARN_OBJC_ROOT_CLASS = YES_ERROR;
				CLANG_WARN_RANGE_LOOP_ANALYSIS = YES;
				CLANG_WARN_STRICT_PROTOTYPES = YES;
				CLANG_WARN_SUSPICIOUS_MOVE = YES;
				CLANG_WARN_UNGUARDED_AVAILABILITY = YES_AGGRESSIVE;
				CLANG_WARN_UNREACHABLE_CODE = YES;
				CLANG_WARN__DUPLICATE_METHOD_MATCH = YES;
				CODE_SIGN_IDENTITY = "Mac Developer";
				COPY_PHASE_STRIP = NO;
				DEBUG_INFORMATION_FORMAT = dwarf;
				ENABLE_STRICT_OBJC_MSGSEND = YES;
				ENABLE_TESTABILITY = YES;
				GCC_C_LANGUAGE_STANDARD = gnu11;
				GCC_DYNAMIC_NO_PIC = NO;
				GCC_NO_COMMON_BLOCKS = YES;
				GCC_OPTIMIZATION_LEVEL = 0;
				GCC_PREPROCESSOR_DEFINITIONS = (
					"DEBUG=1",
					"$(inherited)",
				);
				GCC_WARN_64_TO_32_BIT_CONVERSION = YES;
				GCC_WARN_ABOUT_RETURN_TYPE = YES_ERROR;
				GCC_WARN_UNDECLARED_SELECTOR = YES;
				GCC_WARN_UNINITIALIZED_AUTOS = YES_AGGRESSIVE;
				GCC_WARN_UNUSED_FUNCTION = YES;
				GCC_WARN_UNUSED_VARIABLE = YES;
				HEADER_SEARCH_PATHS = (
					"\"$(SRCROOT)/../../../MUZ\"",
					"\"$(SRCROOT)/../../../MUZ/MUZlib\"",
				);
				MACOSX_DEPLOYMENT_TARGET = 10.14;
				MTL_ENABLE_DEBUG_INFO = INCLUDE_SOURCE;
				MTL_FAST_MATH = YES;
				ONLY_ACTIVE_ARCH = YES;
				SDKROOT = macosx;
			};
			name = Debug;
		};
		86ABFDC921F405F30010245E /* Release */ = {
			isa = XCBuildConfiguration;
			buildSettings = {
				ALWAYS_SEARCH_USER_PATHS = NO;
				CLANG_ADDRESS_SANITIZER_CONTAINER_OVERFLOW = NO;
				CLANG_ANALYZER_NONNULL = YES;
				CLANG_ANALYZER_NUMBER_OBJECT_CONVERSION = YES_AGGRESSIVE;
				CLANG_CXX_LANGUAGE_STANDARD = "gnu++14";
				CLANG_CXX_LIBRARY = "libc++";
				CLANG_ENABLE_MODULES = YES;
				CLANG_ENABLE_OBJC_ARC = YES;
				CLANG_ENABLE_OBJC_WEAK = YES;
				CLANG_WARN_BLOCK_CAPTURE_AUTORELEASING = YES;
				CLANG_WARN_BOOL_CONVERSION = YES;
				CLANG_WARN_COMMA = YES;
				CLANG_WARN_CONSTANT_CONVERSION = YES;
				CLANG_WARN_DEPRECATED_OBJC_IMPLEMENTATIONS = YES;
				CLANG_WARN_DIRECT_OBJC_ISA_USAGE = YES_ERROR;
				CLANG_WARN_DOCUMENTATION_COMMENTS = YES;
				CLANG_WARN_EMPTY_BODY = YES;
				CLANG_WARN_ENUM_CONVERSION = YES;
				CLANG_WARN_INFINITE_RECURSION = YES;
				CLANG_WARN_INT_CONVERSION = YES;
				CLANG_WARN_NON_LITERAL_NULL_CONVERSION = YES;
				CLANG_WARN_OBJC_IMPLICIT_RETAIN_SELF = YES;
				CLANG_WARN_OBJC_LITERAL_CONVERSION = YES;
				CLANG_WARN_OBJC_ROOT_CLASS = YES_ERROR;
				CLANG_WARN_RANGE_LOOP_ANALYSIS = YES;
				CLANG_WARN_STRICT_PROTOTYPES = YES;
				CLANG_WARN_SUSPICIOUS_MOVE = YES;
				CLANG_WARN_UNGUARDED_AVAILABILITY = YES_AGGRESSIVE;
				CLANG_WARN_UNREACHABLE_CODE = YES;
				CLANG_WARN__DUPLICATE_METHOD_MATCH = YES;
				CODE_SIGN_IDENTITY = "Mac Developer";
				COPY_PHASE_STRIP = NO;
				DEBUG_INFORMATION_FORMAT = "dwarf-with-dsym";
				ENABLE_NS_ASSERTIONS = NO;
				ENABLE_STRICT_OBJC_MSGSEND = YES;
				GCC_C_LANGUAGE_STANDARD = gnu11;
				GCC_NO_COMMON_BLOCKS = YES;
				GCC_WARN_64_TO_32_BIT_CONVERSION = YES;
				GCC_WARN_ABOUT_RETURN_TYPE = YES_ERROR;
				GCC_WARN_UNDECLARED_SELECTOR = YES;
				GCC_WARN_UNINITIALIZED_AUTOS = YES_AGGRESSIVE;
				GCC_WARN_UNUSED_FUNCTION = YES;
				GCC_WARN_UNUSED_VARIABLE = YES;
				HEADER_SEARCH_PATHS = (
					"\"$(SRCROOT)/../../../MUZ\"",
					"\"$(SRCROOT)/../../../MUZ/MUZlib\"",
				);
				MACOSX_DEPLOYMENT_TARGET = 10.14;
				MTL_ENABLE_DEBUG_INFO = NO;
				MTL_FAST_MATH = YES;
				SDKROOT = macosx;
			};
			name = Release;
		};
		86ABFDCB21F405F30010245E /* Debug */ = {
			isa = XCBuildConfiguration;
			buildSettings = {
				CODE_SIGN_STYLE = Automatic;
				DEVELOPMENT_TEAM = WNFC8B843E;
				PRODUCT_NAME = "$(TARGET_NAME)";
			};
			name = Debug;
		};
		86ABFDCC21F405F30010245E /* Release */ = {
			isa = XCBuildConfiguration;
			buildSettings = {
				CODE_SIGN_STYLE = Automatic;
				DEVELOPMENT_TEAM = WNFC8B843E;
				PRODUCT_NAME = "$(TARGET_NAME)";
			};
			name = Release;
		};
/* End XCBuildConfiguration section */

/* Begin XCConfigurationList section */
		86ABFDBE21F405F30010245E /* Build configuration list for PBXProject "asmuz" */ = {
			isa = XCConfigurationList;
			buildConfigurations = (
				86ABFDC821F405F30010245E /* Debug */,
				86ABFDC921F405F30010245E /* Release */,
			);
			defaultConfigurationIsVisible = 0;
			defaultConfigurationName = Release;
		};
		86ABFDCA21F405F30010245E /* Build configuration list for PBXNativeTarget "asmuz" */ = {
			isa = XCConfigurationList;
			buildConfigurations = (
				86ABFDCB21F405F30010245E /* Debug */,
				86ABFDCC21F405F30010245E /* Release */,
			);
			defaultConfigurationIsVisible = 0;
			defaultConfigurationName = Release;
		};
/* End XCConfigurationList section */
	};
	rootObject = 86ABFDBB21F405F30010245E /* Project object */;
}
