// !$*UTF8*$!
{
	archiveVersion = 1;
	classes = {
	};
	objectVersion = 50;
	objects = {

/* Begin PBXBuildFile section */
		86670A0321F4836000B2811A /* libmuzlib.a in Frameworks */ = {isa = PBXBuildFile; fileRef = 86670A0221F4836000B2811A /* libmuzlib.a */; };
		86670A0421F483A600B2811A /* libmuzlib.a in Frameworks */ = {isa = PBXBuildFile; fileRef = 86670A0221F4836000B2811A /* libmuzlib.a */; };
		868A32E521E0DDD800A6466A /* MUZ_WorkshopTests.mm in Sources */ = {isa = PBXBuildFile; fileRef = 869B4C5D21AD8B3F00E65FE7 /* MUZ_WorkshopTests.mm */; };
		869B4C0A21AC4F8000E65FE7 /* AppDelegate.swift in Sources */ = {isa = PBXBuildFile; fileRef = 869B4C0921AC4F8000E65FE7 /* AppDelegate.swift */; };
		869B4C0C21AC4F8000E65FE7 /* ViewController.swift in Sources */ = {isa = PBXBuildFile; fileRef = 869B4C0B21AC4F8000E65FE7 /* ViewController.swift */; };
		869B4C0E21AC4F8000E65FE7 /* Assets.xcassets in Resources */ = {isa = PBXBuildFile; fileRef = 869B4C0D21AC4F8000E65FE7 /* Assets.xcassets */; };
		869B4C1121AC4F8000E65FE7 /* Main.storyboard in Resources */ = {isa = PBXBuildFile; fileRef = 869B4C0F21AC4F8000E65FE7 /* Main.storyboard */; };
		869B4C5021AC4FB300E65FE7 /* dummy_yaze.cpp in Sources */ = {isa = PBXBuildFile; fileRef = 869B4C3821AC4FB300E65FE7 /* dummy_yaze.cpp */; };
		869B4C5121AC4FB300E65FE7 /* simz80.cpp in Sources */ = {isa = PBXBuildFile; fileRef = 869B4C3921AC4FB300E65FE7 /* simz80.cpp */; };
		869B4C5221AC4FB300E65FE7 /* mem_mmu.cpp in Sources */ = {isa = PBXBuildFile; fileRef = 869B4C3B21AC4FB300E65FE7 /* mem_mmu.cpp */; };
		869B4C5421AC50F600E65FE7 /* MuzBridge.mm in Sources */ = {isa = PBXBuildFile; fileRef = 869B4C5321AC50F600E65FE7 /* MuzBridge.mm */; };
		86C29DF221F0E5110069F6BE /* QuartzCore.framework in Frameworks */ = {isa = PBXBuildFile; fileRef = 86C29DF121F0E5110069F6BE /* QuartzCore.framework */; };
		86C29DF321F0E51F0069F6BE /* QuartzCore.framework in Frameworks */ = {isa = PBXBuildFile; fileRef = 86C29DF121F0E5110069F6BE /* QuartzCore.framework */; };
		86D4D26B21CBB50E0091B0E0 /* reduction expression.numbers in Resources */ = {isa = PBXBuildFile; fileRef = 86D4D26821CBB50E0091B0E0 /* reduction expression.numbers */; };
		86D4D26C21CBB50E0091B0E0 /* binary comparison.numbers in Resources */ = {isa = PBXBuildFile; fileRef = 86D4D26921CBB50E0091B0E0 /* binary comparison.numbers */; };
		86D4D26D21CBB50E0091B0E0 /* Evaluation expression.md in Resources */ = {isa = PBXBuildFile; fileRef = 86D4D26A21CBB50E0091B0E0 /* Evaluation expression.md */; };
/* End PBXBuildFile section */

/* Begin PBXContainerItemProxy section */
		869B4C6021AD8B3F00E65FE7 /* PBXContainerItemProxy */ = {
			isa = PBXContainerItemProxy;
			containerPortal = 869B4BFE21AC4F8000E65FE7 /* Project object */;
			proxyType = 1;
			remoteGlobalIDString = 869B4C0521AC4F8000E65FE7;
			remoteInfo = "MUZ-Workshop";
		};
/* End PBXContainerItemProxy section */

/* Begin PBXFileReference section */
		8642232C21C6442D0053E02F /* Expressions.asm */ = {isa = PBXFileReference; lastKnownFileType = sourcecode.asm.asm; path = Expressions.asm; sourceTree = "<group>"; };
		864A75EF21EF4FF3007B65D4 /* Errors.asm */ = {isa = PBXFileReference; lastKnownFileType = sourcecode.asm.asm; path = Errors.asm; sourceTree = "<group>"; };
		86670A0221F4836000B2811A /* libmuzlib.a */ = {isa = PBXFileReference; explicitFileType = archive.ar; path = libmuzlib.a; sourceTree = BUILT_PRODUCTS_DIR; };
		866786CC21D112060027E67F /* Instructions.asm */ = {isa = PBXFileReference; lastKnownFileType = sourcecode.asm.asm; path = Instructions.asm; sourceTree = "<group>"; };
		866786CE21D1144C0027E67F /* README.md */ = {isa = PBXFileReference; lastKnownFileType = net.daringfireball.markdown; path = README.md; sourceTree = "<group>"; };
		866786D121D530C40027E67F /* README.md */ = {isa = PBXFileReference; lastKnownFileType = net.daringfireball.markdown; path = README.md; sourceTree = "<group>"; };
		86892BC821B95B6700EC24EF /* conditionnal assembling.md */ = {isa = PBXFileReference; lastKnownFileType = net.daringfireball.markdown; path = "conditionnal assembling.md"; sourceTree = "<group>"; };
		86892BCA21BA72F100EC24EF /* Conditionnals.asm */ = {isa = PBXFileReference; lastKnownFileType = sourcecode.asm.asm; path = Conditionnals.asm; sourceTree = "<group>"; };
		868A32E721E4FE2600A6466A /* CHANGES.md */ = {isa = PBXFileReference; lastKnownFileType = net.daringfireball.markdown; path = CHANGES.md; sourceTree = "<group>"; };
		868F597721DEA279009C6222 /* Z80-Instructions.asm */ = {isa = PBXFileReference; lastKnownFileType = sourcecode.asm.asm; path = "Z80-Instructions.asm"; sourceTree = "<group>"; };
		8694B71B21B13EE6006EF947 /* Assembler.md */ = {isa = PBXFileReference; explicitFileType = net.daringfireball.markdown; name = Assembler.md; path = "WIP - work and design docs/Assembler.md"; sourceTree = "<group>"; };
		8694B71D21B19468006EF947 /* design.md */ = {isa = PBXFileReference; lastKnownFileType = net.daringfireball.markdown; path = design.md; sourceTree = "<group>"; };
		869B4C0621AC4F8000E65FE7 /* MUZ-Workshop.app */ = {isa = PBXFileReference; explicitFileType = wrapper.application; includeInIndex = 0; path = "MUZ-Workshop.app"; sourceTree = BUILT_PRODUCTS_DIR; };
		869B4C0921AC4F8000E65FE7 /* AppDelegate.swift */ = {isa = PBXFileReference; lastKnownFileType = sourcecode.swift; path = AppDelegate.swift; sourceTree = "<group>"; };
		869B4C0B21AC4F8000E65FE7 /* ViewController.swift */ = {isa = PBXFileReference; lastKnownFileType = sourcecode.swift; path = ViewController.swift; sourceTree = "<group>"; };
		869B4C0D21AC4F8000E65FE7 /* Assets.xcassets */ = {isa = PBXFileReference; lastKnownFileType = folder.assetcatalog; path = Assets.xcassets; sourceTree = "<group>"; };
		869B4C1021AC4F8000E65FE7 /* Base */ = {isa = PBXFileReference; lastKnownFileType = file.storyboard; name = Base; path = Base.lproj/Main.storyboard; sourceTree = "<group>"; };
		869B4C1221AC4F8000E65FE7 /* Info.plist */ = {isa = PBXFileReference; lastKnownFileType = text.plist.xml; path = Info.plist; sourceTree = "<group>"; };
		869B4C1321AC4F8000E65FE7 /* MUZ_Workshop.entitlements */ = {isa = PBXFileReference; lastKnownFileType = text.plist.entitlements; path = MUZ_Workshop.entitlements; sourceTree = "<group>"; };
		869B4C3721AC4FB300E65FE7 /* yaze.c */ = {isa = PBXFileReference; fileEncoding = 4; lastKnownFileType = sourcecode.c.c; path = yaze.c; sourceTree = "<group>"; };
		869B4C3821AC4FB300E65FE7 /* dummy_yaze.cpp */ = {isa = PBXFileReference; fileEncoding = 4; lastKnownFileType = sourcecode.cpp.cpp; path = dummy_yaze.cpp; sourceTree = "<group>"; };
		869B4C3921AC4FB300E65FE7 /* simz80.cpp */ = {isa = PBXFileReference; fileEncoding = 4; lastKnownFileType = sourcecode.cpp.cpp; path = simz80.cpp; sourceTree = "<group>"; };
		869B4C3A21AC4FB300E65FE7 /* yaze.h */ = {isa = PBXFileReference; fileEncoding = 4; lastKnownFileType = sourcecode.c.h; path = yaze.h; sourceTree = "<group>"; };
		869B4C3B21AC4FB300E65FE7 /* mem_mmu.cpp */ = {isa = PBXFileReference; fileEncoding = 4; lastKnownFileType = sourcecode.cpp.cpp; path = mem_mmu.cpp; sourceTree = "<group>"; };
		869B4C3C21AC4FB300E65FE7 /* mem_mmu.h */ = {isa = PBXFileReference; fileEncoding = 4; lastKnownFileType = sourcecode.c.h; path = mem_mmu.h; sourceTree = "<group>"; };
		869B4C3D21AC4FB300E65FE7 /* simz80.h */ = {isa = PBXFileReference; fileEncoding = 4; lastKnownFileType = sourcecode.c.h; path = simz80.h; sourceTree = "<group>"; };
		869B4C3E21AC4FB300E65FE7 /* ytypes.h */ = {isa = PBXFileReference; fileEncoding = 4; lastKnownFileType = sourcecode.c.h; path = ytypes.h; sourceTree = "<group>"; };
		869B4C5321AC50F600E65FE7 /* MuzBridge.mm */ = {isa = PBXFileReference; lastKnownFileType = sourcecode.cpp.objcpp; name = MuzBridge.mm; path = "MUZ-Workshop/MuzBridge.mm"; sourceTree = SOURCE_ROOT; };
		869B4C5521AC517C00E65FE7 /* MuzBridge.h */ = {isa = PBXFileReference; lastKnownFileType = sourcecode.c.h; name = MuzBridge.h; path = "MUZ-Workshop/MuzBridge.h"; sourceTree = SOURCE_ROOT; };
		869B4C5621AC57F300E65FE7 /* MUZ-Workshop-Bridging-Header.h */ = {isa = PBXFileReference; lastKnownFileType = sourcecode.c.h; path = "MUZ-Workshop-Bridging-Header.h"; sourceTree = "<group>"; };
		869B4C5B21AD8B3F00E65FE7 /* MUZ-WorkshopTests.xctest */ = {isa = PBXFileReference; explicitFileType = wrapper.cfbundle; includeInIndex = 0; path = "MUZ-WorkshopTests.xctest"; sourceTree = BUILT_PRODUCTS_DIR; };
		869B4C5D21AD8B3F00E65FE7 /* MUZ_WorkshopTests.mm */ = {isa = PBXFileReference; lastKnownFileType = sourcecode.cpp.objcpp; path = MUZ_WorkshopTests.mm; sourceTree = "<group>"; };
		869B4C5F21AD8B3F00E65FE7 /* Info.plist */ = {isa = PBXFileReference; lastKnownFileType = text.plist.xml; path = Info.plist; sourceTree = "<group>"; };
		86C121EE21B0344D005A5C36 /* muz_simz80.h */ = {isa = PBXFileReference; fileEncoding = 4; lastKnownFileType = sourcecode.c.h; path = muz_simz80.h; sourceTree = "<group>"; };
		86C121EF21B0344E005A5C36 /* muz_mmu.h */ = {isa = PBXFileReference; fileEncoding = 4; lastKnownFileType = sourcecode.c.h; path = muz_mmu.h; sourceTree = "<group>"; };
		86C29DEF21EFFEF40069F6BE /* GenerateListing.md */ = {isa = PBXFileReference; lastKnownFileType = net.daringfireball.markdown; path = GenerateListing.md; sourceTree = "<group>"; };
		86C29DF121F0E5110069F6BE /* QuartzCore.framework */ = {isa = PBXFileReference; lastKnownFileType = wrapper.framework; name = QuartzCore.framework; path = System/Library/Frameworks/QuartzCore.framework; sourceTree = SDKROOT; };
		86C29DF421F1D7330069F6BE /* SCWorkshopDifferences.md */ = {isa = PBXFileReference; lastKnownFileType = net.daringfireball.markdown; path = SCWorkshopDifferences.md; sourceTree = "<group>"; };
		86D4D26821CBB50E0091B0E0 /* reduction expression.numbers */ = {isa = PBXFileReference; lastKnownFileType = file; path = "reduction expression.numbers"; sourceTree = "<group>"; };
		86D4D26921CBB50E0091B0E0 /* binary comparison.numbers */ = {isa = PBXFileReference; lastKnownFileType = file; path = "binary comparison.numbers"; sourceTree = "<group>"; };
		86D4D26A21CBB50E0091B0E0 /* Evaluation expression.md */ = {isa = PBXFileReference; fileEncoding = 4; lastKnownFileType = net.daringfireball.markdown; path = "Evaluation expression.md"; sourceTree = "<group>"; };
/* End PBXFileReference section */

/* Begin PBXFrameworksBuildPhase section */
		869B4C0321AC4F8000E65FE7 /* Frameworks */ = {
			isa = PBXFrameworksBuildPhase;
			buildActionMask = 2147483647;
			files = (
				86670A0321F4836000B2811A /* libmuzlib.a in Frameworks */,
				86C29DF321F0E51F0069F6BE /* QuartzCore.framework in Frameworks */,
			);
			runOnlyForDeploymentPostprocessing = 0;
		};
		869B4C5821AD8B3F00E65FE7 /* Frameworks */ = {
			isa = PBXFrameworksBuildPhase;
			buildActionMask = 2147483647;
			files = (
				86670A0421F483A600B2811A /* libmuzlib.a in Frameworks */,
				86C29DF221F0E5110069F6BE /* QuartzCore.framework in Frameworks */,
			);
			runOnlyForDeploymentPostprocessing = 0;
		};
/* End PBXFrameworksBuildPhase section */

/* Begin PBXGroup section */
		86892BC921BA72BA00EC24EF /* TestSources */ = {
			isa = PBXGroup;
			children = (
				868F597721DEA279009C6222 /* Z80-Instructions.asm */,
				864A75EF21EF4FF3007B65D4 /* Errors.asm */,
				86892BCA21BA72F100EC24EF /* Conditionnals.asm */,
				8642232C21C6442D0053E02F /* Expressions.asm */,
				866786CC21D112060027E67F /* Instructions.asm */,
				866786CE21D1144C0027E67F /* README.md */,
			);
			path = TestSources;
			sourceTree = "<group>";
		};
		868A32E621E4FDDA00A6466A /* work */ = {
			isa = PBXGroup;
			children = (
				86D4D26A21CBB50E0091B0E0 /* Evaluation expression.md */,
				86D4D26821CBB50E0091B0E0 /* reduction expression.numbers */,
				8694B71D21B19468006EF947 /* design.md */,
				86892BC821B95B6700EC24EF /* conditionnal assembling.md */,
				86D4D26921CBB50E0091B0E0 /* binary comparison.numbers */,
				86C29DEF21EFFEF40069F6BE /* GenerateListing.md */,
			);
			path = work;
			sourceTree = "<group>";
		};
		8694B71A21B13ECF006EF947 /* Documentation */ = {
			isa = PBXGroup;
			children = (
				868A32E621E4FDDA00A6466A /* work */,
				8694B71B21B13EE6006EF947 /* Assembler.md */,
				86C29DF421F1D7330069F6BE /* SCWorkshopDifferences.md */,
			);
			path = Documentation;
			sourceTree = "<group>";
		};
		869B4BFD21AC4F8000E65FE7 = {
			isa = PBXGroup;
			children = (
				869B4C1921AC4F8C00E65FE7 /* MUZ */,
				869B4C0821AC4F8000E65FE7 /* MUZ-Workshop */,
				869B4C5C21AD8B3F00E65FE7 /* MUZ-WorkshopTests */,
				869B4C0721AC4F8000E65FE7 /* Products */,
				86C29DF021F0E5110069F6BE /* Frameworks */,
			);
			sourceTree = "<group>";
		};
		869B4C0721AC4F8000E65FE7 /* Products */ = {
			isa = PBXGroup;
			children = (
				869B4C0621AC4F8000E65FE7 /* MUZ-Workshop.app */,
				869B4C5B21AD8B3F00E65FE7 /* MUZ-WorkshopTests.xctest */,
			);
			name = Products;
			sourceTree = "<group>";
		};
		869B4C0821AC4F8000E65FE7 /* MUZ-Workshop */ = {
			isa = PBXGroup;
			children = (
				869B4C0921AC4F8000E65FE7 /* AppDelegate.swift */,
				869B4C0B21AC4F8000E65FE7 /* ViewController.swift */,
				869B4C0D21AC4F8000E65FE7 /* Assets.xcassets */,
				869B4C0F21AC4F8000E65FE7 /* Main.storyboard */,
				869B4C1221AC4F8000E65FE7 /* Info.plist */,
				869B4C1321AC4F8000E65FE7 /* MUZ_Workshop.entitlements */,
				869B4C5321AC50F600E65FE7 /* MuzBridge.mm */,
				869B4C5521AC517C00E65FE7 /* MuzBridge.h */,
				869B4C5621AC57F300E65FE7 /* MUZ-Workshop-Bridging-Header.h */,
			);
			path = "MUZ-Workshop";
			sourceTree = "<group>";
		};
		869B4C1921AC4F8C00E65FE7 /* MUZ */ = {
			isa = PBXGroup;
			children = (
				86892BC921BA72BA00EC24EF /* TestSources */,
				8694B71A21B13ECF006EF947 /* Documentation */,
				869B4C3621AC4FB300E65FE7 /* YAZE */,
				866786D121D530C40027E67F /* README.md */,
				868A32E721E4FE2600A6466A /* CHANGES.md */,
			);
			name = MUZ;
			path = ../../MUZ;
			sourceTree = "<group>";
		};
		869B4C3621AC4FB300E65FE7 /* YAZE */ = {
			isa = PBXGroup;
			children = (
				86C121EF21B0344E005A5C36 /* muz_mmu.h */,
				86C121EE21B0344D005A5C36 /* muz_simz80.h */,
				869B4C3721AC4FB300E65FE7 /* yaze.c */,
				869B4C3821AC4FB300E65FE7 /* dummy_yaze.cpp */,
				869B4C3921AC4FB300E65FE7 /* simz80.cpp */,
				869B4C3A21AC4FB300E65FE7 /* yaze.h */,
				869B4C3B21AC4FB300E65FE7 /* mem_mmu.cpp */,
				869B4C3C21AC4FB300E65FE7 /* mem_mmu.h */,
				869B4C3D21AC4FB300E65FE7 /* simz80.h */,
				869B4C3E21AC4FB300E65FE7 /* ytypes.h */,
			);
			path = YAZE;
			sourceTree = "<group>";
		};
		869B4C5C21AD8B3F00E65FE7 /* MUZ-WorkshopTests */ = {
			isa = PBXGroup;
			children = (
				869B4C5D21AD8B3F00E65FE7 /* MUZ_WorkshopTests.mm */,
				869B4C5F21AD8B3F00E65FE7 /* Info.plist */,
			);
			path = "MUZ-WorkshopTests";
			sourceTree = "<group>";
		};
		86C29DF021F0E5110069F6BE /* Frameworks */ = {
			isa = PBXGroup;
			children = (
				86670A0221F4836000B2811A /* libmuzlib.a */,
				86C29DF121F0E5110069F6BE /* QuartzCore.framework */,
			);
			name = Frameworks;
			sourceTree = "<group>";
		};
/* End PBXGroup section */

/* Begin PBXNativeTarget section */
		869B4C0521AC4F8000E65FE7 /* MUZ-Workshop */ = {
			isa = PBXNativeTarget;
			buildConfigurationList = 869B4C1621AC4F8000E65FE7 /* Build configuration list for PBXNativeTarget "MUZ-Workshop" */;
			buildPhases = (
				869B4C0221AC4F8000E65FE7 /* Sources */,
				869B4C0321AC4F8000E65FE7 /* Frameworks */,
				869B4C0421AC4F8000E65FE7 /* Resources */,
			);
			buildRules = (
			);
			dependencies = (
			);
			name = "MUZ-Workshop";
			productName = "MUZ-Workshop";
			productReference = 869B4C0621AC4F8000E65FE7 /* MUZ-Workshop.app */;
			productType = "com.apple.product-type.application";
		};
		869B4C5A21AD8B3F00E65FE7 /* MUZ-WorkshopTests */ = {
			isa = PBXNativeTarget;
			buildConfigurationList = 869B4C6221AD8B3F00E65FE7 /* Build configuration list for PBXNativeTarget "MUZ-WorkshopTests" */;
			buildPhases = (
				869B4C5721AD8B3F00E65FE7 /* Sources */,
				869B4C5821AD8B3F00E65FE7 /* Frameworks */,
				869B4C5921AD8B3F00E65FE7 /* Resources */,
			);
			buildRules = (
			);
			dependencies = (
				869B4C6121AD8B3F00E65FE7 /* PBXTargetDependency */,
			);
			name = "MUZ-WorkshopTests";
			productName = "MUZ-WorkshopTests";
			productReference = 869B4C5B21AD8B3F00E65FE7 /* MUZ-WorkshopTests.xctest */;
			productType = "com.apple.product-type.bundle.unit-test";
		};
/* End PBXNativeTarget section */

/* Begin PBXProject section */
		869B4BFE21AC4F8000E65FE7 /* Project object */ = {
			isa = PBXProject;
			attributes = {
				LastSwiftUpdateCheck = 1010;
				LastUpgradeCheck = 1010;
				ORGANIZATIONNAME = "Francis Pierot";
				TargetAttributes = {
					869B4C0521AC4F8000E65FE7 = {
						CreatedOnToolsVersion = 10.1;
					};
					869B4C5A21AD8B3F00E65FE7 = {
						CreatedOnToolsVersion = 10.1;
						TestTargetID = 869B4C0521AC4F8000E65FE7;
					};
				};
			};
			buildConfigurationList = 869B4C0121AC4F8000E65FE7 /* Build configuration list for PBXProject "MUZ-Workshop" */;
			compatibilityVersion = "Xcode 9.3";
			developmentRegion = en;
			hasScannedForEncodings = 0;
			knownRegions = (
				en,
				Base,
			);
			mainGroup = 869B4BFD21AC4F8000E65FE7;
			productRefGroup = 869B4C0721AC4F8000E65FE7 /* Products */;
			projectDirPath = "";
			projectRoot = "";
			targets = (
				869B4C0521AC4F8000E65FE7 /* MUZ-Workshop */,
				869B4C5A21AD8B3F00E65FE7 /* MUZ-WorkshopTests */,
			);
		};
/* End PBXProject section */

/* Begin PBXResourcesBuildPhase section */
		869B4C0421AC4F8000E65FE7 /* Resources */ = {
			isa = PBXResourcesBuildPhase;
			buildActionMask = 2147483647;
			files = (
				869B4C0E21AC4F8000E65FE7 /* Assets.xcassets in Resources */,
				86D4D26B21CBB50E0091B0E0 /* reduction expression.numbers in Resources */,
				86D4D26D21CBB50E0091B0E0 /* Evaluation expression.md in Resources */,
				869B4C1121AC4F8000E65FE7 /* Main.storyboard in Resources */,
				86D4D26C21CBB50E0091B0E0 /* binary comparison.numbers in Resources */,
			);
			runOnlyForDeploymentPostprocessing = 0;
		};
		869B4C5921AD8B3F00E65FE7 /* Resources */ = {
			isa = PBXResourcesBuildPhase;
			buildActionMask = 2147483647;
			files = (
			);
			runOnlyForDeploymentPostprocessing = 0;
		};
/* End PBXResourcesBuildPhase section */

/* Begin PBXSourcesBuildPhase section */
		869B4C0221AC4F8000E65FE7 /* Sources */ = {
			isa = PBXSourcesBuildPhase;
			buildActionMask = 2147483647;
			files = (
				869B4C0C21AC4F8000E65FE7 /* ViewController.swift in Sources */,
				869B4C5421AC50F600E65FE7 /* MuzBridge.mm in Sources */,
				869B4C5021AC4FB300E65FE7 /* dummy_yaze.cpp in Sources */,
				869B4C5121AC4FB300E65FE7 /* simz80.cpp in Sources */,
				869B4C0A21AC4F8000E65FE7 /* AppDelegate.swift in Sources */,
				869B4C5221AC4FB300E65FE7 /* mem_mmu.cpp in Sources */,
			);
			runOnlyForDeploymentPostprocessing = 0;
		};
		869B4C5721AD8B3F00E65FE7 /* Sources */ = {
			isa = PBXSourcesBuildPhase;
			buildActionMask = 2147483647;
			files = (
				868A32E521E0DDD800A6466A /* MUZ_WorkshopTests.mm in Sources */,
			);
			runOnlyForDeploymentPostprocessing = 0;
		};
/* End PBXSourcesBuildPhase section */

/* Begin PBXTargetDependency section */
		869B4C6121AD8B3F00E65FE7 /* PBXTargetDependency */ = {
			isa = PBXTargetDependency;
			target = 869B4C0521AC4F8000E65FE7 /* MUZ-Workshop */;
			targetProxy = 869B4C6021AD8B3F00E65FE7 /* PBXContainerItemProxy */;
		};
/* End PBXTargetDependency section */

/* Begin PBXVariantGroup section */
		869B4C0F21AC4F8000E65FE7 /* Main.storyboard */ = {
			isa = PBXVariantGroup;
			children = (
				869B4C1021AC4F8000E65FE7 /* Base */,
			);
			name = Main.storyboard;
			sourceTree = "<group>";
		};
/* End PBXVariantGroup section */

/* Begin XCBuildConfiguration section */
		869B4C1421AC4F8000E65FE7 /* Debug */ = {
			isa = XCBuildConfiguration;
			buildSettings = {
				ALWAYS_SEARCH_USER_PATHS = NO;
				CLANG_ANALYZER_NONNULL = YES;
				CLANG_ANALYZER_NUMBER_OBJECT_CONVERSION = YES_AGGRESSIVE;
				CLANG_CXX_LANGUAGE_STANDARD = "gnu++14";
				CLANG_CXX_LIBRARY = "libc++";
				CLANG_ENABLE_MODULES = YES;
				CLANG_ENABLE_OBJC_ARC = YES;
				CLANG_ENABLE_OBJC_WEAK = YES;
				CLANG_WARN_ASSIGN_ENUM = NO;
				CLANG_WARN_BLOCK_CAPTURE_AUTORELEASING = YES;
				CLANG_WARN_BOOL_CONVERSION = YES;
				CLANG_WARN_COMMA = YES;
				CLANG_WARN_CONSTANT_CONVERSION = YES;
				CLANG_WARN_DEPRECATED_OBJC_IMPLEMENTATIONS = YES;
				CLANG_WARN_DIRECT_OBJC_ISA_USAGE = YES_ERROR;
				CLANG_WARN_DOCUMENTATION_COMMENTS = YES;
				CLANG_WARN_EMPTY_BODY = YES;
				CLANG_WARN_ENUM_CONVERSION = NO;
				CLANG_WARN_INFINITE_RECURSION = YES;
				CLANG_WARN_INT_CONVERSION = YES;
				CLANG_WARN_NON_LITERAL_NULL_CONVERSION = YES;
				CLANG_WARN_OBJC_IMPLICIT_RETAIN_SELF = YES;
				CLANG_WARN_OBJC_LITERAL_CONVERSION = YES;
				CLANG_WARN_OBJC_ROOT_CLASS = YES_ERROR;
				CLANG_WARN_RANGE_LOOP_ANALYSIS = YES;
				CLANG_WARN_STRICT_PROTOTYPES = YES;
				CLANG_WARN_SUSPICIOUS_MOVE = YES;
				CLANG_WARN_UNGUARDED_AVAILABILITY = YES_AGGRESSIVE;
				CLANG_WARN_UNREACHABLE_CODE = YES;
				CLANG_WARN__DUPLICATE_METHOD_MATCH = YES;
				CODE_SIGN_IDENTITY = "Mac Developer";
				COPY_PHASE_STRIP = NO;
				DEBUG_INFORMATION_FORMAT = dwarf;
				ENABLE_STRICT_OBJC_MSGSEND = YES;
				ENABLE_TESTABILITY = YES;
				GCC_C_LANGUAGE_STANDARD = gnu11;
				GCC_DYNAMIC_NO_PIC = NO;
				GCC_NO_COMMON_BLOCKS = YES;
				GCC_OPTIMIZATION_LEVEL = 0;
				GCC_PREPROCESSOR_DEFINITIONS = (
					"DEBUG=1",
					"$(inherited)",
				);
				GCC_WARN_64_TO_32_BIT_CONVERSION = YES;
				GCC_WARN_ABOUT_RETURN_TYPE = YES_ERROR;
				GCC_WARN_UNDECLARED_SELECTOR = YES;
				GCC_WARN_UNINITIALIZED_AUTOS = YES_AGGRESSIVE;
				GCC_WARN_UNUSED_FUNCTION = YES;
				GCC_WARN_UNUSED_VARIABLE = YES;
				HEADER_SEARCH_PATHS = (
					"\"$(SRCROOT)/../../MUZ\"",
					"\"$(SRCROOT)/../../MUZ/MUZlib\"",
				);
				MACOSX_DEPLOYMENT_TARGET = 10.14;
				MTL_ENABLE_DEBUG_INFO = INCLUDE_SOURCE;
				MTL_FAST_MATH = YES;
				ONLY_ACTIVE_ARCH = YES;
				SDKROOT = macosx;
				SWIFT_ACTIVE_COMPILATION_CONDITIONS = DEBUG;
				SWIFT_OBJC_BRIDGING_HEADER = "MUZ-Workshop/MUZ-Workshop-Bridging-Header.h";
				SWIFT_OPTIMIZATION_LEVEL = "-Onone";
			};
			name = Debug;
		};
		869B4C1521AC4F8000E65FE7 /* Release */ = {
			isa = XCBuildConfiguration;
			buildSettings = {
				ALWAYS_SEARCH_USER_PATHS = NO;
				CLANG_ANALYZER_NONNULL = YES;
				CLANG_ANALYZER_NUMBER_OBJECT_CONVERSION = YES_AGGRESSIVE;
				CLANG_CXX_LANGUAGE_STANDARD = "gnu++14";
				CLANG_CXX_LIBRARY = "libc++";
				CLANG_ENABLE_MODULES = YES;
				CLANG_ENABLE_OBJC_ARC = YES;
				CLANG_ENABLE_OBJC_WEAK = YES;
				CLANG_WARN_ASSIGN_ENUM = NO;
				CLANG_WARN_BLOCK_CAPTURE_AUTORELEASING = YES;
				CLANG_WARN_BOOL_CONVERSION = YES;
				CLANG_WARN_COMMA = YES;
				CLANG_WARN_CONSTANT_CONVERSION = YES;
				CLANG_WARN_DEPRECATED_OBJC_IMPLEMENTATIONS = YES;
				CLANG_WARN_DIRECT_OBJC_ISA_USAGE = YES_ERROR;
				CLANG_WARN_DOCUMENTATION_COMMENTS = YES;
				CLANG_WARN_EMPTY_BODY = YES;
				CLANG_WARN_ENUM_CONVERSION = NO;
				CLANG_WARN_INFINITE_RECURSION = YES;
				CLANG_WARN_INT_CONVERSION = YES;
				CLANG_WARN_NON_LITERAL_NULL_CONVERSION = YES;
				CLANG_WARN_OBJC_IMPLICIT_RETAIN_SELF = YES;
				CLANG_WARN_OBJC_LITERAL_CONVERSION = YES;
				CLANG_WARN_OBJC_ROOT_CLASS = YES_ERROR;
				CLANG_WARN_RANGE_LOOP_ANALYSIS = YES;
				CLANG_WARN_STRICT_PROTOTYPES = YES;
				CLANG_WARN_SUSPICIOUS_MOVE = YES;
				CLANG_WARN_UNGUARDED_AVAILABILITY = YES_AGGRESSIVE;
				CLANG_WARN_UNREACHABLE_CODE = YES;
				CLANG_WARN__DUPLICATE_METHOD_MATCH = YES;
				CODE_SIGN_IDENTITY = "Mac Developer";
				COPY_PHASE_STRIP = NO;
				DEBUG_INFORMATION_FORMAT = "dwarf-with-dsym";
				ENABLE_NS_ASSERTIONS = NO;
				ENABLE_STRICT_OBJC_MSGSEND = YES;
				GCC_C_LANGUAGE_STANDARD = gnu11;
				GCC_NO_COMMON_BLOCKS = YES;
				GCC_WARN_64_TO_32_BIT_CONVERSION = YES;
				GCC_WARN_ABOUT_RETURN_TYPE = YES_ERROR;
				GCC_WARN_UNDECLARED_SELECTOR = YES;
				GCC_WARN_UNINITIALIZED_AUTOS = YES_AGGRESSIVE;
				GCC_WARN_UNUSED_FUNCTION = YES;
				GCC_WARN_UNUSED_VARIABLE = YES;
				HEADER_SEARCH_PATHS = (
					"\"$(SRCROOT)/../../MUZ\"",
					"\"$(SRCROOT)/../../MUZ/MUZlib\"",
				);
				MACOSX_DEPLOYMENT_TARGET = 10.14;
				MTL_ENABLE_DEBUG_INFO = NO;
				MTL_FAST_MATH = YES;
				SDKROOT = macosx;
				SWIFT_COMPILATION_MODE = wholemodule;
				SWIFT_OBJC_BRIDGING_HEADER = "MUZ-Workshop/MUZ-Workshop-Bridging-Header.h";
				SWIFT_OPTIMIZATION_LEVEL = "-O";
			};
			name = Release;
		};
		869B4C1721AC4F8000E65FE7 /* Debug */ = {
			isa = XCBuildConfiguration;
			buildSettings = {
				ASSETCATALOG_COMPILER_APPICON_NAME = AppIcon;
				CODE_SIGN_ENTITLEMENTS = "MUZ-Workshop/MUZ_Workshop.entitlements";
				CODE_SIGN_STYLE = Automatic;
				COMBINE_HIDPI_IMAGES = YES;
				DEVELOPMENT_TEAM = WNFC8B843E;
				INFOPLIST_FILE = "MUZ-Workshop/Info.plist";
				LD_RUNPATH_SEARCH_PATHS = (
					"$(inherited)",
					"@executable_path/../Frameworks",
				);
				PRODUCT_BUNDLE_IDENTIFIER = "com.fpierot.MUZ-Workshop";
				PRODUCT_NAME = "$(TARGET_NAME)";
				SWIFT_VERSION = 4.2;
			};
			name = Debug;
		};
		869B4C1821AC4F8000E65FE7 /* Release */ = {
			isa = XCBuildConfiguration;
			buildSettings = {
				ASSETCATALOG_COMPILER_APPICON_NAME = AppIcon;
				CODE_SIGN_ENTITLEMENTS = "MUZ-Workshop/MUZ_Workshop.entitlements";
				CODE_SIGN_STYLE = Automatic;
				COMBINE_HIDPI_IMAGES = YES;
				DEVELOPMENT_TEAM = WNFC8B843E;
				INFOPLIST_FILE = "MUZ-Workshop/Info.plist";
				LD_RUNPATH_SEARCH_PATHS = (
					"$(inherited)",
					"@executable_path/../Frameworks",
				);
				PRODUCT_BUNDLE_IDENTIFIER = "com.fpierot.MUZ-Workshop";
				PRODUCT_NAME = "$(TARGET_NAME)";
				SWIFT_VERSION = 4.2;
			};
			name = Release;
		};
		869B4C6321AD8B3F00E65FE7 /* Debug */ = {
			isa = XCBuildConfiguration;
			buildSettings = {
				ALWAYS_EMBED_SWIFT_STANDARD_LIBRARIES = YES;
				BUNDLE_LOADER = "$(TEST_HOST)";
				CODE_SIGN_STYLE = Automatic;
				COMBINE_HIDPI_IMAGES = YES;
				DEVELOPMENT_TEAM = WNFC8B843E;
				INFOPLIST_FILE = "MUZ-WorkshopTests/Info.plist";
				LD_RUNPATH_SEARCH_PATHS = (
					"$(inherited)",
					"@executable_path/../Frameworks",
					"@loader_path/../Frameworks",
				);
				PRODUCT_BUNDLE_IDENTIFIER = "com.fpierot.MUZ-WorkshopTests";
				PRODUCT_NAME = "$(TARGET_NAME)";
				TEST_HOST = "$(BUILT_PRODUCTS_DIR)/MUZ-Workshop.app/Contents/MacOS/MUZ-Workshop";
			};
			name = Debug;
		};
		869B4C6421AD8B3F00E65FE7 /* Release */ = {
			isa = XCBuildConfiguration;
			buildSettings = {
				ALWAYS_EMBED_SWIFT_STANDARD_LIBRARIES = YES;
				BUNDLE_LOADER = "$(TEST_HOST)";
				CODE_SIGN_STYLE = Automatic;
				COMBINE_HIDPI_IMAGES = YES;
				DEVELOPMENT_TEAM = WNFC8B843E;
				INFOPLIST_FILE = "MUZ-WorkshopTests/Info.plist";
				LD_RUNPATH_SEARCH_PATHS = (
					"$(inherited)",
					"@executable_path/../Frameworks",
					"@loader_path/../Frameworks",
				);
				PRODUCT_BUNDLE_IDENTIFIER = "com.fpierot.MUZ-WorkshopTests";
				PRODUCT_NAME = "$(TARGET_NAME)";
				TEST_HOST = "$(BUILT_PRODUCTS_DIR)/MUZ-Workshop.app/Contents/MacOS/MUZ-Workshop";
			};
			name = Release;
		};
/* End XCBuildConfiguration section */

/* Begin XCConfigurationList section */
		869B4C0121AC4F8000E65FE7 /* Build configuration list for PBXProject "MUZ-Workshop" */ = {
			isa = XCConfigurationList;
			buildConfigurations = (
				869B4C1421AC4F8000E65FE7 /* Debug */,
				869B4C1521AC4F8000E65FE7 /* Release */,
			);
			defaultConfigurationIsVisible = 0;
			defaultConfigurationName = Release;
		};
		869B4C1621AC4F8000E65FE7 /* Build configuration list for PBXNativeTarget "MUZ-Workshop" */ = {
			isa = XCConfigurationList;
			buildConfigurations = (
				869B4C1721AC4F8000E65FE7 /* Debug */,
				869B4C1821AC4F8000E65FE7 /* Release */,
			);
			defaultConfigurationIsVisible = 0;
			defaultConfigurationName = Release;
		};
		869B4C6221AD8B3F00E65FE7 /* Build configuration list for PBXNativeTarget "MUZ-WorkshopTests" */ = {
			isa = XCConfigurationList;
			buildConfigurations = (
				869B4C6321AD8B3F00E65FE7 /* Debug */,
				869B4C6421AD8B3F00E65FE7 /* Release */,
			);
			defaultConfigurationIsVisible = 0;
			defaultConfigurationName = Release;
		};
/* End XCConfigurationList section */
	};
	rootObject = 869B4BFE21AC4F8000E65FE7 /* Project object */;
}
