// !$*UTF8*$!
{
	archiveVersion = 1;
	classes = {
	};
	objectVersion = 50;
	objects = {

/* Begin PBXBuildFile section */
		86599FA523CDFF0300D723C0 /* mem_mmu.h in Headers */ = {isa = PBXBuildFile; fileRef = 86599F9B23CDFF0300D723C0 /* mem_mmu.h */; };
		86599FA823CDFF0300D723C0 /* mem_mmu.cpp in Sources */ = {isa = PBXBuildFile; fileRef = 86599F9E23CDFF0300D723C0 /* mem_mmu.cpp */; };
		86599FA923CDFF0300D723C0 /* simz80.cpp in Sources */ = {isa = PBXBuildFile; fileRef = 86599F9F23CDFF0300D723C0 /* simz80.cpp */; };
		86599FAA23CDFF0300D723C0 /* ytypes.h in Headers */ = {isa = PBXBuildFile; fileRef = 86599FA023CDFF0300D723C0 /* ytypes.h */; };
		86599FAB23CDFF0300D723C0 /* muz_mmu.h in Headers */ = {isa = PBXBuildFile; fileRef = 86599FA123CDFF0300D723C0 /* muz_mmu.h */; };
		86599FAC23CDFF0300D723C0 /* muz_simz80.h in Headers */ = {isa = PBXBuildFile; fileRef = 86599FA223CDFF0300D723C0 /* muz_simz80.h */; };
		86599FAD23CDFF0300D723C0 /* simz80.h in Headers */ = {isa = PBXBuildFile; fileRef = 86599FA323CDFF0300D723C0 /* simz80.h */; };
		86599FAE23CDFF0300D723C0 /* dummy_yaze.cpp in Sources */ = {isa = PBXBuildFile; fileRef = 86599FA423CDFF0300D723C0 /* dummy_yaze.cpp */; };
/* End PBXBuildFile section */

/* Begin PBXFileReference section */
		86599F8D23CDFED800D723C0 /* libYAZE.a */ = {isa = PBXFileReference; explicitFileType = archive.ar; includeInIndex = 0; path = libYAZE.a; sourceTree = BUILT_PRODUCTS_DIR; };
		86599F9B23CDFF0300D723C0 /* mem_mmu.h */ = {isa = PBXFileReference; fileEncoding = 4; lastKnownFileType = sourcecode.c.h; name = mem_mmu.h; path = ../../../../MUZ/YAZE/mem_mmu.h; sourceTree = "<group>"; };
		86599F9E23CDFF0300D723C0 /* mem_mmu.cpp */ = {isa = PBXFileReference; fileEncoding = 4; lastKnownFileType = sourcecode.cpp.cpp; name = mem_mmu.cpp; path = ../../../../MUZ/YAZE/mem_mmu.cpp; sourceTree = "<group>"; };
		86599F9F23CDFF0300D723C0 /* simz80.cpp */ = {isa = PBXFileReference; fileEncoding = 4; lastKnownFileType = sourcecode.cpp.cpp; name = simz80.cpp; path = ../../../../MUZ/YAZE/simz80.cpp; sourceTree = "<group>"; };
		86599FA023CDFF0300D723C0 /* ytypes.h */ = {isa = PBXFileReference; fileEncoding = 4; lastKnownFileType = sourcecode.c.h; name = ytypes.h; path = ../../../../MUZ/YAZE/ytypes.h; sourceTree = "<group>"; };
		86599FA123CDFF0300D723C0 /* muz_mmu.h */ = {isa = PBXFileReference; fileEncoding = 4; lastKnownFileType = sourcecode.c.h; name = muz_mmu.h; path = ../../../../MUZ/YAZE/muz_mmu.h; sourceTree = "<group>"; };
		86599FA223CDFF0300D723C0 /* muz_simz80.h */ = {isa = PBXFileReference; fileEncoding = 4; lastKnownFileType = sourcecode.c.h; name = muz_simz80.h; path = ../../../../MUZ/YAZE/muz_simz80.h; sourceTree = "<group>"; };
		86599FA323CDFF0300D723C0 /* simz80.h */ = {isa = PBXFileReference; fileEncoding = 4; lastKnownFileType = sourcecode.c.h; name = simz80.h; path = ../../../../MUZ/YAZE/simz80.h; sourceTree = "<group>"; };
		86599FA423CDFF0300D723C0 /* dummy_yaze.cpp */ = {isa = PBXFileReference; fileEncoding = 4; lastKnownFileType = sourcecode.cpp.cpp; name = dummy_yaze.cpp; path = ../../../../MUZ/YAZE/dummy_yaze.cpp; sourceTree = "<group>"; };
/* End PBXFileReference section */

/* Begin PBXFrameworksBuildPhase section */
		86599F8B23CDFED800D723C0 /* Frameworks */ = {
			isa = PBXFrameworksBuildPhase;
			buildActionMask = 2147483647;
			files = (
			);
			runOnlyForDeploymentPostprocessing = 0;
		};
/* End PBXFrameworksBuildPhase section */

/* Begin PBXGroup section */
		86599F8423CDFED800D723C0 = {
			isa = PBXGroup;
			children = (
				86599F8F23CDFED800D723C0 /* YAZE */,
				86599F8E23CDFED800D723C0 /* Products */,
			);
			sourceTree = "<group>";
		};
		86599F8E23CDFED800D723C0 /* Products */ = {
			isa = PBXGroup;
			children = (
				86599F8D23CDFED800D723C0 /* libYAZE.a */,
			);
			name = Products;
			sourceTree = "<group>";
		};
		86599F8F23CDFED800D723C0 /* YAZE */ = {
			isa = PBXGroup;
			children = (
				86599FA423CDFF0300D723C0 /* dummy_yaze.cpp */,
				86599F9E23CDFF0300D723C0 /* mem_mmu.cpp */,
				86599F9B23CDFF0300D723C0 /* mem_mmu.h */,
				86599FA123CDFF0300D723C0 /* muz_mmu.h */,
				86599FA223CDFF0300D723C0 /* muz_simz80.h */,
				86599F9F23CDFF0300D723C0 /* simz80.cpp */,
				86599FA323CDFF0300D723C0 /* simz80.h */,
				86599FA023CDFF0300D723C0 /* ytypes.h */,
			);
			path = YAZE;
			sourceTree = "<group>";
		};
/* End PBXGroup section */

/* Begin PBXHeadersBuildPhase section */
		86599F8923CDFED800D723C0 /* Headers */ = {
			isa = PBXHeadersBuildPhase;
			buildActionMask = 2147483647;
			files = (
				86599FA523CDFF0300D723C0 /* mem_mmu.h in Headers */,
				86599FAB23CDFF0300D723C0 /* muz_mmu.h in Headers */,
				86599FAA23CDFF0300D723C0 /* ytypes.h in Headers */,
				86599FAC23CDFF0300D723C0 /* muz_simz80.h in Headers */,
				86599FAD23CDFF0300D723C0 /* simz80.h in Headers */,
			);
			runOnlyForDeploymentPostprocessing = 0;
		};
/* End PBXHeadersBuildPhase section */

/* Begin PBXNativeTarget section */
		86599F8C23CDFED800D723C0 /* YAZE */ = {
			isa = PBXNativeTarget;
			buildConfigurationList = 86599F9823CDFED800D723C0 /* Build configuration list for PBXNativeTarget "YAZE" */;
			buildPhases = (
				86599F8923CDFED800D723C0 /* Headers */,
				86599F8A23CDFED800D723C0 /* Sources */,
				86599F8B23CDFED800D723C0 /* Frameworks */,
			);
			buildRules = (
			);
			dependencies = (
			);
			name = YAZE;
			productName = YAZE;
			productReference = 86599F8D23CDFED800D723C0 /* libYAZE.a */;
			productType = "com.apple.product-type.library.static";
		};
/* End PBXNativeTarget section */

/* Begin PBXProject section */
		86599F8523CDFED800D723C0 /* Project object */ = {
			isa = PBXProject;
			attributes = {
				LastUpgradeCheck = 1130;
				ORGANIZATIONNAME = "Francis Pierot";
				TargetAttributes = {
					86599F8C23CDFED800D723C0 = {
						CreatedOnToolsVersion = 11.3;
					};
				};
			};
			buildConfigurationList = 86599F8823CDFED800D723C0 /* Build configuration list for PBXProject "YAZE" */;
			compatibilityVersion = "Xcode 9.3";
			developmentRegion = en;
			hasScannedForEncodings = 0;
			knownRegions = (
				en,
				Base,
			);
			mainGroup = 86599F8423CDFED800D723C0;
			productRefGroup = 86599F8E23CDFED800D723C0 /* Products */;
			projectDirPath = "";
			projectRoot = "";
			targets = (
				86599F8C23CDFED800D723C0 /* YAZE */,
			);
		};
/* End PBXProject section */

/* Begin PBXSourcesBuildPhase section */
		86599F8A23CDFED800D723C0 /* Sources */ = {
			isa = PBXSourcesBuildPhase;
			buildActionMask = 2147483647;
			files = (
				86599FA923CDFF0300D723C0 /* simz80.cpp in Sources */,
				86599FA823CDFF0300D723C0 /* mem_mmu.cpp in Sources */,
				86599FAE23CDFF0300D723C0 /* dummy_yaze.cpp in Sources */,
			);
			runOnlyForDeploymentPostprocessing = 0;
		};
/* End PBXSourcesBuildPhase section */

/* Begin XCBuildConfiguration section */
		86599F9623CDFED800D723C0 /* Debug */ = {
			isa = XCBuildConfiguration;
			buildSettings = {
				ALWAYS_SEARCH_USER_PATHS = NO;
				CLANG_ANALYZER_NONNULL = YES;
				CLANG_ANALYZER_NUMBER_OBJECT_CONVERSION = YES_AGGRESSIVE;
				CLANG_CXX_LANGUAGE_STANDARD = "gnu++14";
				CLANG_CXX_LIBRARY = "libc++";
				CLANG_ENABLE_MODULES = YES;
				CLANG_ENABLE_OBJC_ARC = YES;
				CLANG_ENABLE_OBJC_WEAK = YES;
				CLANG_WARN_BLOCK_CAPTURE_AUTORELEASING = YES;
				CLANG_WARN_BOOL_CONVERSION = YES;
				CLANG_WARN_COMMA = YES;
				CLANG_WARN_CONSTANT_CONVERSION = YES;
				CLANG_WARN_DEPRECATED_OBJC_IMPLEMENTATIONS = YES;
				CLANG_WARN_DIRECT_OBJC_ISA_USAGE = YES_ERROR;
				CLANG_WARN_DOCUMENTATION_COMMENTS = YES;
				CLANG_WARN_EMPTY_BODY = YES;
				CLANG_WARN_ENUM_CONVERSION = YES;
				CLANG_WARN_INFINITE_RECURSION = YES;
				CLANG_WARN_INT_CONVERSION = YES;
				CLANG_WARN_NON_LITERAL_NULL_CONVERSION = YES;
				CLANG_WARN_OBJC_IMPLICIT_RETAIN_SELF = YES;
				CLANG_WARN_OBJC_LITERAL_CONVERSION = YES;
				CLANG_WARN_OBJC_ROOT_CLASS = YES_ERROR;
				CLANG_WARN_RANGE_LOOP_ANALYSIS = YES;
				CLANG_WARN_STRICT_PROTOTYPES = YES;
				CLANG_WARN_SUSPICIOUS_MOVE = YES;
				CLANG_WARN_UNGUARDED_AVAILABILITY = YES_AGGRESSIVE;
				CLANG_WARN_UNREACHABLE_CODE = YES;
				CLANG_WARN__DUPLICATE_METHOD_MATCH = YES;
				COPY_PHASE_STRIP = NO;
				DEBUG_INFORMATION_FORMAT = dwarf;
				ENABLE_STRICT_OBJC_MSGSEND = YES;
				ENABLE_TESTABILITY = YES;
				GCC_C_LANGUAGE_STANDARD = gnu11;
				GCC_DYNAMIC_NO_PIC = NO;
				GCC_NO_COMMON_BLOCKS = YES;
				GCC_OPTIMIZATION_LEVEL = 0;
				GCC_PREPROCESSOR_DEFINITIONS = (
					"DEBUG=1",
					"$(inherited)",
				);
				GCC_WARN_64_TO_32_BIT_CONVERSION = YES;
				GCC_WARN_ABOUT_RETURN_TYPE = YES_ERROR;
				GCC_WARN_UNDECLARED_SELECTOR = YES;
				GCC_WARN_UNINITIALIZED_AUTOS = YES_AGGRESSIVE;
				GCC_WARN_UNUSED_FUNCTION = YES;
				GCC_WARN_UNUSED_VARIABLE = YES;
				HEADER_SEARCH_PATHS = "$(SOURCE_ROOT)/../../../MUZ/muzlib";
				MACOSX_DEPLOYMENT_TARGET = 10.14;
				MTL_ENABLE_DEBUG_INFO = INCLUDE_SOURCE;
				MTL_FAST_MATH = YES;
				ONLY_ACTIVE_ARCH = YES;
				SDKROOT = macosx;
			};
			name = Debug;
		};
		86599F9723CDFED800D723C0 /* Release */ = {
			isa = XCBuildConfiguration;
			buildSettings = {
				ALWAYS_SEARCH_USER_PATHS = NO;
				CLANG_ANALYZER_NONNULL = YES;
				CLANG_ANALYZER_NUMBER_OBJECT_CONVERSION = YES_AGGRESSIVE;
				CLANG_CXX_LANGUAGE_STANDARD = "gnu++14";
				CLANG_CXX_LIBRARY = "libc++";
				CLANG_ENABLE_MODULES = YES;
				CLANG_ENABLE_OBJC_ARC = YES;
				CLANG_ENABLE_OBJC_WEAK = YES;
				CLANG_WARN_BLOCK_CAPTURE_AUTORELEASING = YES;
				CLANG_WARN_BOOL_CONVERSION = YES;
				CLANG_WARN_COMMA = YES;
				CLANG_WARN_CONSTANT_CONVERSION = YES;
				CLANG_WARN_DEPRECATED_OBJC_IMPLEMENTATIONS = YES;
				CLANG_WARN_DIRECT_OBJC_ISA_USAGE = YES_ERROR;
				CLANG_WARN_DOCUMENTATION_COMMENTS = YES;
				CLANG_WARN_EMPTY_BODY = YES;
				CLANG_WARN_ENUM_CONVERSION = YES;
				CLANG_WARN_INFINITE_RECURSION = YES;
				CLANG_WARN_INT_CONVERSION = YES;
				CLANG_WARN_NON_LITERAL_NULL_CONVERSION = YES;
				CLANG_WARN_OBJC_IMPLICIT_RETAIN_SELF = YES;
				CLANG_WARN_OBJC_LITERAL_CONVERSION = YES;
				CLANG_WARN_OBJC_ROOT_CLASS = YES_ERROR;
				CLANG_WARN_RANGE_LOOP_ANALYSIS = YES;
				CLANG_WARN_STRICT_PROTOTYPES = YES;
				CLANG_WARN_SUSPICIOUS_MOVE = YES;
				CLANG_WARN_UNGUARDED_AVAILABILITY = YES_AGGRESSIVE;
				CLANG_WARN_UNREACHABLE_CODE = YES;
				CLANG_WARN__DUPLICATE_METHOD_MATCH = YES;
				COPY_PHASE_STRIP = NO;
				DEBUG_INFORMATION_FORMAT = "dwarf-with-dsym";
				ENABLE_NS_ASSERTIONS = NO;
				ENABLE_STRICT_OBJC_MSGSEND = YES;
				GCC_C_LANGUAGE_STANDARD = gnu11;
				GCC_NO_COMMON_BLOCKS = YES;
				GCC_WARN_64_TO_32_BIT_CONVERSION = YES;
				GCC_WARN_ABOUT_RETURN_TYPE = YES_ERROR;
				GCC_WARN_UNDECLARED_SELECTOR = YES;
				GCC_WARN_UNINITIALIZED_AUTOS = YES_AGGRESSIVE;
				GCC_WARN_UNUSED_FUNCTION = YES;
				GCC_WARN_UNUSED_VARIABLE = YES;
				HEADER_SEARCH_PATHS = "$(SOURCE_ROOT)/../../../MUZ/muzlib";
				MACOSX_DEPLOYMENT_TARGET = 10.14;
				MTL_ENABLE_DEBUG_INFO = NO;
				MTL_FAST_MATH = YES;
				SDKROOT = macosx;
			};
			name = Release;
		};
		86599F9923CDFED800D723C0 /* Debug */ = {
			isa = XCBuildConfiguration;
			buildSettings = {
				CODE_SIGN_STYLE = Automatic;
				DEVELOPMENT_TEAM = WNFC8B843E;
				EXECUTABLE_PREFIX = lib;
				GCC_ENABLE_CPP_EXCEPTIONS = YES;
				GCC_ENABLE_CPP_RTTI = YES;
				PRODUCT_NAME = "$(TARGET_NAME)";
				SKIP_INSTALL = YES;
			};
			name = Debug;
		};
		86599F9A23CDFED800D723C0 /* Release */ = {
			isa = XCBuildConfiguration;
			buildSettings = {
				CODE_SIGN_STYLE = Automatic;
				DEVELOPMENT_TEAM = WNFC8B843E;
				EXECUTABLE_PREFIX = lib;
				GCC_ENABLE_CPP_EXCEPTIONS = YES;
				GCC_ENABLE_CPP_RTTI = YES;
				PRODUCT_NAME = "$(TARGET_NAME)";
				SKIP_INSTALL = YES;
			};
			name = Release;
		};
/* End XCBuildConfiguration section */

/* Begin XCConfigurationList section */
		86599F8823CDFED800D723C0 /* Build configuration list for PBXProject "YAZE" */ = {
			isa = XCConfigurationList;
			buildConfigurations = (
				86599F9623CDFED800D723C0 /* Debug */,
				86599F9723CDFED800D723C0 /* Release */,
			);
			defaultConfigurationIsVisible = 0;
			defaultConfigurationName = Release;
		};
		86599F9823CDFED800D723C0 /* Build configuration list for PBXNativeTarget "YAZE" */ = {
			isa = XCConfigurationList;
			buildConfigurations = (
				86599F9923CDFED800D723C0 /* Debug */,
				86599F9A23CDFED800D723C0 /* Release */,
			);
			defaultConfigurationIsVisible = 0;
			defaultConfigurationName = Release;
		};
/* End XCConfigurationList section */
	};
	rootObject = 86599F8523CDFED800D723C0 /* Project object */;
}
