
Microsoft Visual Studio Solution File, Format Version 12.00
# Visual Studio 15
VisualStudioVersion = 15.0.28010.2046
MinimumVisualStudioVersion = 10.0.40219.1
Project("{8BC9CEB8-8B4A-11D0-8D11-00A0C91BC942}") = "MUZ-Workshop", "MUZ-Workshop\MUZ-Workshop.vcxproj", "{F21DD83B-3C3E-4F4E-ABA4-31D19E955F44}"
EndProject
Project("{8BC9CEB8-8B4A-11D0-8D11-00A0C91BC942}") = "muzlib", "..\muzlib\muzlib.vcxproj", "{45632F19-FB65-4EAE-837D-8F3D6F59B803}"
EndProject
Project("{8BC9CEB8-8B4A-11D0-8D11-00A0C91BC942}") = "asmuz", "asmuz\asmuz.vcxproj", "{8036CB55-B084-4302-A352-E51253859D4A}"
EndProject
Global
	GlobalSection(SolutionConfigurationPlatforms) = preSolution
		Debug|x64 = Debug|x64
		Debug|x86 = Debug|x86
		Release|x64 = Release|x64
		Release|x86 = Release|x86
	EndGlobalSection
	GlobalSection(ProjectConfigurationPlatforms) = postSolution
		{F21DD83B-3C3E-4F4E-ABA4-31D19E955F44}.Debug|x64.ActiveCfg = Debug|x64
		{F21DD83B-3C3E-4F4E-ABA4-31D19E955F44}.Debug|x64.Build.0 = Debug|x64
		{F21DD83B-3C3E-4F4E-ABA4-31D19E955F44}.Debug|x86.ActiveCfg = Debug|Win32
		{F21DD83B-3C3E-4F4E-ABA4-31D19E955F44}.Debug|x86.Build.0 = Debug|Win32
		{F21DD83B-3C3E-4F4E-ABA4-31D19E955F44}.Release|x64.ActiveCfg = Release|x64
		{F21DD83B-3C3E-4F4E-ABA4-31D19E955F44}.Release|x64.Build.0 = Release|x64
		{F21DD83B-3C3E-4F4E-ABA4-31D19E955F44}.Release|x86.ActiveCfg = Release|Win32
		{F21DD83B-3C3E-4F4E-ABA4-31D19E955F44}.Release|x86.Build.0 = Release|Win32
		{45632F19-FB65-4EAE-837D-8F3D6F59B803}.Debug|x64.ActiveCfg = Debug|x64
		{45632F19-FB65-4EAE-837D-8F3D6F59B803}.Debug|x64.Build.0 = Debug|x64
		{45632F19-FB65-4EAE-837D-8F3D6F59B803}.Debug|x86.ActiveCfg = Debug|Win32
		{45632F19-FB65-4EAE-837D-8F3D6F59B803}.Debug|x86.Build.0 = Debug|Win32
		{45632F19-FB65-4EAE-837D-8F3D6F59B803}.Release|x64.ActiveCfg = Release|x64
		{45632F19-FB65-4EAE-837D-8F3D6F59B803}.Release|x64.Build.0 = Release|x64
		{45632F19-FB65-4EAE-837D-8F3D6F59B803}.Release|x86.ActiveCfg = Release|Win32
		{45632F19-FB65-4EAE-837D-8F3D6F59B803}.Release|x86.Build.0 = Release|Win32
		{8036CB55-B084-4302-A352-E51253859D4A}.Debug|x64.ActiveCfg = Debug|x64
		{8036CB55-B084-4302-A352-E51253859D4A}.Debug|x64.Build.0 = Debug|x64
		{8036CB55-B084-4302-A352-E51253859D4A}.Debug|x86.ActiveCfg = Debug|Win32
		{8036CB55-B084-4302-A352-E51253859D4A}.Debug|x86.Build.0 = Debug|Win32
		{8036CB55-B084-4302-A352-E51253859D4A}.Release|x64.ActiveCfg = Release|x64
		{8036CB55-B084-4302-A352-E51253859D4A}.Release|x64.Build.0 = Release|x64
		{8036CB55-B084-4302-A352-E51253859D4A}.Release|x86.ActiveCfg = Release|Win32
		{8036CB55-B084-4302-A352-E51253859D4A}.Release|x86.Build.0 = Release|Win32
	EndGlobalSection
	GlobalSection(SolutionProperties) = preSolution
		HideSolutionNode = FALSE
	EndGlobalSection
	GlobalSection(ExtensibilityGlobals) = postSolution
		SolutionGuid = {DC18016D-BDDE-46FA-852D-7DE9AFBC7CE3}
	EndGlobalSection
EndGlobal
